
Microsoft Visual Studio Solution File, Format Version 12.00
# Visual Studio 2012
Project("{FAE04EC0-301F-11D3-BF4B-00C04F79EFBC}") = "Wpf_Bingo", "Wpf_Bingo\Wpf_Bingo.csproj", "{0815B397-1247-40D9-AE19-DEF9C3419699}"
EndProject
Global
	GlobalSection(SolutionConfigurationPlatforms) = preSolution
		Debug|Any CPU = Debug|Any CPU
		Release|Any CPU = Release|Any CPU
	EndGlobalSection
	GlobalSection(ProjectConfigurationPlatforms) = postSolution
		{0815B397-1247-40D9-AE19-DEF9C3419699}.Debug|Any CPU.ActiveCfg = Debug|Any CPU
		{0815B397-1247-40D9-AE19-DEF9C3419699}.Debug|Any CPU.Build.0 = Debug|Any CPU
		{0815B397-1247-40D9-AE19-DEF9C3419699}.Release|Any CPU.ActiveCfg = Release|Any CPU
		{0815B397-1247-40D9-AE19-DEF9C3419699}.Release|Any CPU.Build.0 = Release|Any CPU
	EndGlobalSection
	GlobalSection(SolutionProperties) = preSolution
		HideSolutionNode = FALSE
	EndGlobalSection
EndGlobal
